
Microsoft Visual Studio Solution File, Format Version 12.00
# Visual Studio Version 17
VisualStudioVersion = 17.11.35327.3
MinimumVisualStudioVersion = 10.0.40219.1
Project("{FAE04EC0-301F-11D3-BF4B-00C04F79EFBC}") = "ejer001", "EjerciciosO\ejer001.csproj", "{C53E5ED0-6BF7-4733-993D-7CF41302F54C}"
EndProject
Project("{FAE04EC0-301F-11D3-BF4B-00C04F79EFBC}") = "ejer002", "ejer002\ejer002.csproj", "{940C5449-EB3F-4963-87CF-EAAA83713D5F}"
EndProject
Project("{FAE04EC0-301F-11D3-BF4B-00C04F79EFBC}") = "ejer003", "ejer003\ejer003.csproj", "{C34390E0-F641-4112-AD2C-DDD90A0DF626}"
EndProject
Project("{FAE04EC0-301F-11D3-BF4B-00C04F79EFBC}") = "ejer004", "ejer004\ejer004.csproj", "{C270CB55-C3A4-45D1-873C-270F245221EC}"
EndProject
Project("{FAE04EC0-301F-11D3-BF4B-00C04F79EFBC}") = "ejer005", "ejer005\ejer005.csproj", "{8D72256F-9C3F-4FA9-A7C7-8376966E5882}"
EndProject
Project("{FAE04EC0-301F-11D3-BF4B-00C04F79EFBC}") = "ejer006", "ejer006\ejer006.csproj", "{EBACB6EF-C4EA-4A17-85E7-BC0BFB7A95D1}"
EndProject
Project("{FAE04EC0-301F-11D3-BF4B-00C04F79EFBC}") = "ejer007", "ejer007\ejer007.csproj", "{3A42E892-DA33-49E4-9720-322E9D3D0AF4}"
EndProject
Project("{FAE04EC0-301F-11D3-BF4B-00C04F79EFBC}") = "ejer008", "ejer008\ejer008.csproj", "{BAE4EE21-BB60-47F1-AFE9-8ED289277AAF}"
EndProject
Project("{FAE04EC0-301F-11D3-BF4B-00C04F79EFBC}") = "ejer009", "ejer009\ejer009.csproj", "{778FE71D-0551-4E68-9046-0A59B359260D}"
EndProject
Project("{FAE04EC0-301F-11D3-BF4B-00C04F79EFBC}") = "ejer010", "ejer010\ejer010.csproj", "{F484F8B5-C573-4C83-B85B-D172036094DB}"
EndProject
Project("{FAE04EC0-301F-11D3-BF4B-00C04F79EFBC}") = "ejer011", "ejer011\ejer011.csproj", "{8E8CB0C1-AB3C-4857-A8B2-B4FB72C29C5B}"
EndProject
Project("{FAE04EC0-301F-11D3-BF4B-00C04F79EFBC}") = "ejer012", "ejer012\ejer012.csproj", "{DF0B7A87-3C8A-4EF4-9B43-CA784CA48211}"
EndProject
Project("{FAE04EC0-301F-11D3-BF4B-00C04F79EFBC}") = "ejer013", "ejer013\ejer013.csproj", "{C527BC7B-1D1D-457A-831D-E1012E94B1E1}"
EndProject
Project("{FAE04EC0-301F-11D3-BF4B-00C04F79EFBC}") = "ejer014", "ejer014\ejer014.csproj", "{5C2C16B6-80F9-4415-9F08-E518DD579949}"
EndProject
Project("{FAE04EC0-301F-11D3-BF4B-00C04F79EFBC}") = "ejer015", "ejer015\ejer015.csproj", "{D59C4F49-3422-4331-BED7-3097D970D7FC}"
EndProject
Project("{FAE04EC0-301F-11D3-BF4B-00C04F79EFBC}") = "ejer016", "ejer016\ejer016.csproj", "{F40F1C20-03DC-436F-98AE-F146F58F2408}"
EndProject
Project("{FAE04EC0-301F-11D3-BF4B-00C04F79EFBC}") = "ejer017", "ejer017\ejer017.csproj", "{4A270227-FEED-4C07-A254-E7EFDDE31C72}"
EndProject
Global
	GlobalSection(SolutionConfigurationPlatforms) = preSolution
		Debug|Any CPU = Debug|Any CPU
		Release|Any CPU = Release|Any CPU
	EndGlobalSection
	GlobalSection(ProjectConfigurationPlatforms) = postSolution
		{C53E5ED0-6BF7-4733-993D-7CF41302F54C}.Debug|Any CPU.ActiveCfg = Debug|Any CPU
		{C53E5ED0-6BF7-4733-993D-7CF41302F54C}.Debug|Any CPU.Build.0 = Debug|Any CPU
		{C53E5ED0-6BF7-4733-993D-7CF41302F54C}.Release|Any CPU.ActiveCfg = Release|Any CPU
		{C53E5ED0-6BF7-4733-993D-7CF41302F54C}.Release|Any CPU.Build.0 = Release|Any CPU
		{940C5449-EB3F-4963-87CF-EAAA83713D5F}.Debug|Any CPU.ActiveCfg = Debug|Any CPU
		{940C5449-EB3F-4963-87CF-EAAA83713D5F}.Debug|Any CPU.Build.0 = Debug|Any CPU
		{940C5449-EB3F-4963-87CF-EAAA83713D5F}.Release|Any CPU.ActiveCfg = Release|Any CPU
		{940C5449-EB3F-4963-87CF-EAAA83713D5F}.Release|Any CPU.Build.0 = Release|Any CPU
		{C34390E0-F641-4112-AD2C-DDD90A0DF626}.Debug|Any CPU.ActiveCfg = Debug|Any CPU
		{C34390E0-F641-4112-AD2C-DDD90A0DF626}.Debug|Any CPU.Build.0 = Debug|Any CPU
		{C34390E0-F641-4112-AD2C-DDD90A0DF626}.Release|Any CPU.ActiveCfg = Release|Any CPU
		{C34390E0-F641-4112-AD2C-DDD90A0DF626}.Release|Any CPU.Build.0 = Release|Any CPU
		{C270CB55-C3A4-45D1-873C-270F245221EC}.Debug|Any CPU.ActiveCfg = Debug|Any CPU
		{C270CB55-C3A4-45D1-873C-270F245221EC}.Debug|Any CPU.Build.0 = Debug|Any CPU
		{C270CB55-C3A4-45D1-873C-270F245221EC}.Release|Any CPU.ActiveCfg = Release|Any CPU
		{C270CB55-C3A4-45D1-873C-270F245221EC}.Release|Any CPU.Build.0 = Release|Any CPU
		{8D72256F-9C3F-4FA9-A7C7-8376966E5882}.Debug|Any CPU.ActiveCfg = Debug|Any CPU
		{8D72256F-9C3F-4FA9-A7C7-8376966E5882}.Debug|Any CPU.Build.0 = Debug|Any CPU
		{8D72256F-9C3F-4FA9-A7C7-8376966E5882}.Release|Any CPU.ActiveCfg = Release|Any CPU
		{8D72256F-9C3F-4FA9-A7C7-8376966E5882}.Release|Any CPU.Build.0 = Release|Any CPU
		{EBACB6EF-C4EA-4A17-85E7-BC0BFB7A95D1}.Debug|Any CPU.ActiveCfg = Debug|Any CPU
		{EBACB6EF-C4EA-4A17-85E7-BC0BFB7A95D1}.Debug|Any CPU.Build.0 = Debug|Any CPU
		{EBACB6EF-C4EA-4A17-85E7-BC0BFB7A95D1}.Release|Any CPU.ActiveCfg = Release|Any CPU
		{EBACB6EF-C4EA-4A17-85E7-BC0BFB7A95D1}.Release|Any CPU.Build.0 = Release|Any CPU
		{3A42E892-DA33-49E4-9720-322E9D3D0AF4}.Debug|Any CPU.ActiveCfg = Debug|Any CPU
		{3A42E892-DA33-49E4-9720-322E9D3D0AF4}.Debug|Any CPU.Build.0 = Debug|Any CPU
		{3A42E892-DA33-49E4-9720-322E9D3D0AF4}.Release|Any CPU.ActiveCfg = Release|Any CPU
		{3A42E892-DA33-49E4-9720-322E9D3D0AF4}.Release|Any CPU.Build.0 = Release|Any CPU
		{BAE4EE21-BB60-47F1-AFE9-8ED289277AAF}.Debug|Any CPU.ActiveCfg = Debug|Any CPU
		{BAE4EE21-BB60-47F1-AFE9-8ED289277AAF}.Debug|Any CPU.Build.0 = Debug|Any CPU
		{BAE4EE21-BB60-47F1-AFE9-8ED289277AAF}.Release|Any CPU.ActiveCfg = Release|Any CPU
		{BAE4EE21-BB60-47F1-AFE9-8ED289277AAF}.Release|Any CPU.Build.0 = Release|Any CPU
		{778FE71D-0551-4E68-9046-0A59B359260D}.Debug|Any CPU.ActiveCfg = Debug|Any CPU
		{778FE71D-0551-4E68-9046-0A59B359260D}.Debug|Any CPU.Build.0 = Debug|Any CPU
		{778FE71D-0551-4E68-9046-0A59B359260D}.Release|Any CPU.ActiveCfg = Release|Any CPU
		{778FE71D-0551-4E68-9046-0A59B359260D}.Release|Any CPU.Build.0 = Release|Any CPU
		{F484F8B5-C573-4C83-B85B-D172036094DB}.Debug|Any CPU.ActiveCfg = Debug|Any CPU
		{F484F8B5-C573-4C83-B85B-D172036094DB}.Debug|Any CPU.Build.0 = Debug|Any CPU
		{F484F8B5-C573-4C83-B85B-D172036094DB}.Release|Any CPU.ActiveCfg = Release|Any CPU
		{F484F8B5-C573-4C83-B85B-D172036094DB}.Release|Any CPU.Build.0 = Release|Any CPU
		{8E8CB0C1-AB3C-4857-A8B2-B4FB72C29C5B}.Debug|Any CPU.ActiveCfg = Debug|Any CPU
		{8E8CB0C1-AB3C-4857-A8B2-B4FB72C29C5B}.Debug|Any CPU.Build.0 = Debug|Any CPU
		{8E8CB0C1-AB3C-4857-A8B2-B4FB72C29C5B}.Release|Any CPU.ActiveCfg = Release|Any CPU
		{8E8CB0C1-AB3C-4857-A8B2-B4FB72C29C5B}.Release|Any CPU.Build.0 = Release|Any CPU
		{DF0B7A87-3C8A-4EF4-9B43-CA784CA48211}.Debug|Any CPU.ActiveCfg = Debug|Any CPU
		{DF0B7A87-3C8A-4EF4-9B43-CA784CA48211}.Debug|Any CPU.Build.0 = Debug|Any CPU
		{DF0B7A87-3C8A-4EF4-9B43-CA784CA48211}.Release|Any CPU.ActiveCfg = Release|Any CPU
		{DF0B7A87-3C8A-4EF4-9B43-CA784CA48211}.Release|Any CPU.Build.0 = Release|Any CPU
		{C527BC7B-1D1D-457A-831D-E1012E94B1E1}.Debug|Any CPU.ActiveCfg = Debug|Any CPU
		{C527BC7B-1D1D-457A-831D-E1012E94B1E1}.Debug|Any CPU.Build.0 = Debug|Any CPU
		{C527BC7B-1D1D-457A-831D-E1012E94B1E1}.Release|Any CPU.ActiveCfg = Release|Any CPU
		{C527BC7B-1D1D-457A-831D-E1012E94B1E1}.Release|Any CPU.Build.0 = Release|Any CPU
		{5C2C16B6-80F9-4415-9F08-E518DD579949}.Debug|Any CPU.ActiveCfg = Debug|Any CPU
		{5C2C16B6-80F9-4415-9F08-E518DD579949}.Debug|Any CPU.Build.0 = Debug|Any CPU
		{5C2C16B6-80F9-4415-9F08-E518DD579949}.Release|Any CPU.ActiveCfg = Release|Any CPU
		{5C2C16B6-80F9-4415-9F08-E518DD579949}.Release|Any CPU.Build.0 = Release|Any CPU
		{D59C4F49-3422-4331-BED7-3097D970D7FC}.Debug|Any CPU.ActiveCfg = Debug|Any CPU
		{D59C4F49-3422-4331-BED7-3097D970D7FC}.Debug|Any CPU.Build.0 = Debug|Any CPU
		{D59C4F49-3422-4331-BED7-3097D970D7FC}.Release|Any CPU.ActiveCfg = Release|Any CPU
		{D59C4F49-3422-4331-BED7-3097D970D7FC}.Release|Any CPU.Build.0 = Release|Any CPU
		{F40F1C20-03DC-436F-98AE-F146F58F2408}.Debug|Any CPU.ActiveCfg = Debug|Any CPU
		{F40F1C20-03DC-436F-98AE-F146F58F2408}.Debug|Any CPU.Build.0 = Debug|Any CPU
		{F40F1C20-03DC-436F-98AE-F146F58F2408}.Release|Any CPU.ActiveCfg = Release|Any CPU
		{F40F1C20-03DC-436F-98AE-F146F58F2408}.Release|Any CPU.Build.0 = Release|Any CPU
		{4A270227-FEED-4C07-A254-E7EFDDE31C72}.Debug|Any CPU.ActiveCfg = Debug|Any CPU
		{4A270227-FEED-4C07-A254-E7EFDDE31C72}.Debug|Any CPU.Build.0 = Debug|Any CPU
		{4A270227-FEED-4C07-A254-E7EFDDE31C72}.Release|Any CPU.ActiveCfg = Release|Any CPU
		{4A270227-FEED-4C07-A254-E7EFDDE31C72}.Release|Any CPU.Build.0 = Release|Any CPU
	EndGlobalSection
	GlobalSection(SolutionProperties) = preSolution
		HideSolutionNode = FALSE
	EndGlobalSection
	GlobalSection(ExtensibilityGlobals) = postSolution
		SolutionGuid = {30F99955-91AE-4FE4-BA04-77C27E582FDA}
	EndGlobalSection
EndGlobal
